// !$*UTF8*$!
{
	archiveVersion = 1;
	classes = {
	};
	objectVersion = 46;
	objects = {

/* Begin PBXBuildFile section */
		88443ED21E77E67100430F45 /* main.m in Sources */ = {isa = PBXBuildFile; fileRef = 88443ED11E77E67100430F45 /* main.m */; };
		88443ED51E77E67100430F45 /* AppDelegate.m in Sources */ = {isa = PBXBuildFile; fileRef = 88443ED41E77E67100430F45 /* AppDelegate.m */; };
		88443ED81E77E67100430F45 /* ViewController.m in Sources */ = {isa = PBXBuildFile; fileRef = 88443ED71E77E67100430F45 /* ViewController.m */; };
		88443EDB1E77E67100430F45 /* Main.storyboard in Resources */ = {isa = PBXBuildFile; fileRef = 88443ED91E77E67100430F45 /* Main.storyboard */; };
		88443EDD1E77E67100430F45 /* Assets.xcassets in Resources */ = {isa = PBXBuildFile; fileRef = 88443EDC1E77E67100430F45 /* Assets.xcassets */; };
		88443EE01E77E67100430F45 /* LaunchScreen.storyboard in Resources */ = {isa = PBXBuildFile; fileRef = 88443EDE1E77E67100430F45 /* LaunchScreen.storyboard */; };
		88443EEA1E77E6D700430F45 /* SGDeviceInfoHander.m in Sources */ = {isa = PBXBuildFile; fileRef = 88443EE91E77E6D700430F45 /* SGDeviceInfoHander.m */; };
/* End PBXBuildFile section */

/* Begin PBXFileReference section */
		88443ECD1E77E67100430F45 /* SGDeviceInfoHandler.app */ = {isa = PBXFileReference; explicitFileType = wrapper.application; includeInIndex = 0; path = SGDeviceInfoHandler.app; sourceTree = BUILT_PRODUCTS_DIR; };
		88443ED11E77E67100430F45 /* main.m */ = {isa = PBXFileReference; lastKnownFileType = sourcecode.c.objc; path = main.m; sourceTree = "<group>"; };
		88443ED31E77E67100430F45 /* AppDelegate.h */ = {isa = PBXFileReference; lastKnownFileType = sourcecode.c.h; path = AppDelegate.h; sourceTree = "<group>"; };
		88443ED41E77E67100430F45 /* AppDelegate.m */ = {isa = PBXFileReference; lastKnownFileType = sourcecode.c.objc; path = AppDelegate.m; sourceTree = "<group>"; };
		88443ED61E77E67100430F45 /* ViewController.h */ = {isa = PBXFileReference; lastKnownFileType = sourcecode.c.h; path = ViewController.h; sourceTree = "<group>"; };
		88443ED71E77E67100430F45 /* ViewController.m */ = {isa = PBXFileReference; lastKnownFileType = sourcecode.c.objc; path = ViewController.m; sourceTree = "<group>"; };
		88443EDA1E77E67100430F45 /* Base */ = {isa = PBXFileReference; lastKnownFileType = file.storyboard; name = Base; path = Base.lproj/Main.storyboard; sourceTree = "<group>"; };
		88443EDC1E77E67100430F45 /* Assets.xcassets */ = {isa = PBXFileReference; lastKnownFileType = folder.assetcatalog; path = Assets.xcassets; sourceTree = "<group>"; };
		88443EDF1E77E67100430F45 /* Base */ = {isa = PBXFileReference; lastKnownFileType = file.storyboard; name = Base; path = Base.lproj/LaunchScreen.storyboard; sourceTree = "<group>"; };
		88443EE11E77E67100430F45 /* Info.plist */ = {isa = PBXFileReference; lastKnownFileType = text.plist.xml; path = Info.plist; sourceTree = "<group>"; };
		88443EE81E77E6D700430F45 /* SGDeviceInfoHander.h */ = {isa = PBXFileReference; fileEncoding = 4; lastKnownFileType = sourcecode.c.h; path = SGDeviceInfoHander.h; sourceTree = "<group>"; };
		88443EE91E77E6D700430F45 /* SGDeviceInfoHander.m */ = {isa = PBXFileReference; fileEncoding = 4; lastKnownFileType = sourcecode.c.objc; path = SGDeviceInfoHander.m; sourceTree = "<group>"; };
/* End PBXFileReference section */

/* Begin PBXFrameworksBuildPhase section */
		88443ECA1E77E67100430F45 /* Frameworks */ = {
			isa = PBXFrameworksBuildPhase;
			buildActionMask = 2147483647;
			files = (
			);
			runOnlyForDeploymentPostprocessing = 0;
		};
/* End PBXFrameworksBuildPhase section */

/* Begin PBXGroup section */
		88443EC41E77E67100430F45 = {
			isa = PBXGroup;
			children = (
				88443ECF1E77E67100430F45 /* SGDeviceInfoHandler */,
				88443ECE1E77E67100430F45 /* Products */,
			);
			sourceTree = "<group>";
		};
		88443ECE1E77E67100430F45 /* Products */ = {
			isa = PBXGroup;
			children = (
				88443ECD1E77E67100430F45 /* SGDeviceInfoHandler.app */,
			);
			name = Products;
			sourceTree = "<group>";
		};
		88443ECF1E77E67100430F45 /* SGDeviceInfoHandler */ = {
			isa = PBXGroup;
			children = (
				88443EE71E77E6B600430F45 /* SGDeviceInfoHandler */,
				88443ED31E77E67100430F45 /* AppDelegate.h */,
				88443ED41E77E67100430F45 /* AppDelegate.m */,
				88443ED61E77E67100430F45 /* ViewController.h */,
				88443ED71E77E67100430F45 /* ViewController.m */,
				88443ED91E77E67100430F45 /* Main.storyboard */,
				88443EDC1E77E67100430F45 /* Assets.xcassets */,
				88443EDE1E77E67100430F45 /* LaunchScreen.storyboard */,
				88443EE11E77E67100430F45 /* Info.plist */,
				88443ED01E77E67100430F45 /* Supporting Files */,
			);
			path = SGDeviceInfoHandler;
			sourceTree = "<group>";
		};
		88443ED01E77E67100430F45 /* Supporting Files */ = {
			isa = PBXGroup;
			children = (
				88443ED11E77E67100430F45 /* main.m */,
			);
			name = "Supporting Files";
			sourceTree = "<group>";
		};
		88443EE71E77E6B600430F45 /* SGDeviceInfoHandler */ = {
			isa = PBXGroup;
			children = (
				88443EE81E77E6D700430F45 /* SGDeviceInfoHander.h */,
				88443EE91E77E6D700430F45 /* SGDeviceInfoHander.m */,
			);
			path = SGDeviceInfoHandler;
			sourceTree = "<group>";
		};
/* End PBXGroup section */

/* Begin PBXNativeTarget section */
		88443ECC1E77E67100430F45 /* SGDeviceInfoHandler */ = {
			isa = PBXNativeTarget;
			buildConfigurationList = 88443EE41E77E67100430F45 /* Build configuration list for PBXNativeTarget "SGDeviceInfoHandler" */;
			buildPhases = (
				88443EC91E77E67100430F45 /* Sources */,
				88443ECA1E77E67100430F45 /* Frameworks */,
				88443ECB1E77E67100430F45 /* Resources */,
			);
			buildRules = (
			);
			dependencies = (
			);
			name = SGDeviceInfoHandler;
			productName = SGDeviceInfoHandler;
			productReference = 88443ECD1E77E67100430F45 /* SGDeviceInfoHandler.app */;
			productType = "com.apple.product-type.application";
		};
/* End PBXNativeTarget section */

/* Begin PBXProject section */
		88443EC51E77E67100430F45 /* Project object */ = {
			isa = PBXProject;
			attributes = {
				LastUpgradeCheck = 0820;
				ORGANIZATIONNAME = "低调的魅力";
				TargetAttributes = {
					88443ECC1E77E67100430F45 = {
						CreatedOnToolsVersion = 8.2.1;
						DevelopmentTeam = P8HFWU8B38;
						ProvisioningStyle = Automatic;
					};
				};
			};
			buildConfigurationList = 88443EC81E77E67100430F45 /* Build configuration list for PBXProject "SGDeviceInfoHandler" */;
			compatibilityVersion = "Xcode 3.2";
			developmentRegion = English;
			hasScannedForEncodings = 0;
			knownRegions = (
				en,
				Base,
			);
			mainGroup = 88443EC41E77E67100430F45;
			productRefGroup = 88443ECE1E77E67100430F45 /* Products */;
			projectDirPath = "";
			projectRoot = "";
			targets = (
				88443ECC1E77E67100430F45 /* SGDeviceInfoHandler */,
			);
		};
/* End PBXProject section */

/* Begin PBXResourcesBuildPhase section */
		88443ECB1E77E67100430F45 /* Resources */ = {
			isa = PBXResourcesBuildPhase;
			buildActionMask = 2147483647;
			files = (
				88443EE01E77E67100430F45 /* LaunchScreen.storyboard in Resources */,
				88443EDD1E77E67100430F45 /* Assets.xcassets in Resources */,
				88443EDB1E77E67100430F45 /* Main.storyboard in Resources */,
			);
			runOnlyForDeploymentPostprocessing = 0;
		};
/* End PBXResourcesBuildPhase section */

/* Begin PBXSourcesBuildPhase section */
		88443EC91E77E67100430F45 /* Sources */ = {
			isa = PBXSourcesBuildPhase;
			buildActionMask = 2147483647;
			files = (
				88443ED81E77E67100430F45 /* ViewController.m in Sources */,
				88443ED51E77E67100430F45 /* AppDelegate.m in Sources */,
				88443ED21E77E67100430F45 /* main.m in Sources */,
				88443EEA1E77E6D700430F45 /* SGDeviceInfoHander.m in Sources */,
			);
			runOnlyForDeploymentPostprocessing = 0;
		};
/* End PBXSourcesBuildPhase section */

/* Begin PBXVariantGroup section */
		88443ED91E77E67100430F45 /* Main.storyboard */ = {
			isa = PBXVariantGroup;
			children = (
				88443EDA1E77E67100430F45 /* Base */,
			);
			name = Main.storyboard;
			sourceTree = "<group>";
		};
		88443EDE1E77E67100430F45 /* LaunchScreen.storyboard */ = {
			isa = PBXVariantGroup;
			children = (
				88443EDF1E77E67100430F45 /* Base */,
			);
			name = LaunchScreen.storyboard;
			sourceTree = "<group>";
		};
/* End PBXVariantGroup section */

/* Begin XCBuildConfiguration section */
		88443EE21E77E67100430F45 /* Debug */ = {
			isa = XCBuildConfiguration;
			buildSettings = {
				ALWAYS_SEARCH_USER_PATHS = NO;
				CLANG_ANALYZER_NONNULL = YES;
				CLANG_CXX_LANGUAGE_STANDARD = "gnu++0x";
				CLANG_CXX_LIBRARY = "libc++";
				CLANG_ENABLE_MODULES = YES;
				CLANG_ENABLE_OBJC_ARC = YES;
				CLANG_WARN_BOOL_CONVERSION = YES;
				CLANG_WARN_CONSTANT_CONVERSION = YES;
				CLANG_WARN_DIRECT_OBJC_ISA_USAGE = YES_ERROR;
				CLANG_WARN_DOCUMENTATION_COMMENTS = YES;
				CLANG_WARN_EMPTY_BODY = YES;
				CLANG_WARN_ENUM_CONVERSION = YES;
				CLANG_WARN_INFINITE_RECURSION = YES;
				CLANG_WARN_INT_CONVERSION = YES;
				CLANG_WARN_OBJC_ROOT_CLASS = YES_ERROR;
				CLANG_WARN_SUSPICIOUS_MOVE = YES;
				CLANG_WARN_UNREACHABLE_CODE = YES;
				CLANG_WARN__DUPLICATE_METHOD_MATCH = YES;
				"CODE_SIGN_IDENTITY[sdk=iphoneos*]" = "iPhone Developer";
				COPY_PHASE_STRIP = NO;
				DEBUG_INFORMATION_FORMAT = dwarf;
				ENABLE_STRICT_OBJC_MSGSEND = YES;
				ENABLE_TESTABILITY = YES;
				GCC_C_LANGUAGE_STANDARD = gnu99;
				GCC_DYNAMIC_NO_PIC = NO;
				GCC_NO_COMMON_BLOCKS = YES;
				GCC_OPTIMIZATION_LEVEL = 0;
				GCC_PREPROCESSOR_DEFINITIONS = (
					"DEBUG=1",
					"$(inherited)",
				);
				GCC_WARN_64_TO_32_BIT_CONVERSION = YES;
				GCC_WARN_ABOUT_RETURN_TYPE = YES_ERROR;
				GCC_WARN_UNDECLARED_SELECTOR = YES;
				GCC_WARN_UNINITIALIZED_AUTOS = YES_AGGRESSIVE;
				GCC_WARN_UNUSED_FUNCTION = YES;
				GCC_WARN_UNUSED_VARIABLE = YES;
				IPHONEOS_DEPLOYMENT_TARGET = 10.2;
				MTL_ENABLE_DEBUG_INFO = YES;
				ONLY_ACTIVE_ARCH = YES;
				SDKROOT = iphoneos;
			};
			name = Debug;
		};
		88443EE31E77E67100430F45 /* Release */ = {
			isa = XCBuildConfiguration;
			buildSettings = {
				ALWAYS_SEARCH_USER_PATHS = NO;
				CLANG_ANALYZER_NONNULL = YES;
				CLANG_CXX_LANGUAGE_STANDARD = "gnu++0x";
				CLANG_CXX_LIBRARY = "libc++";
				CLANG_ENABLE_MODULES = YES;
				CLANG_ENABLE_OBJC_ARC = YES;
				CLANG_WARN_BOOL_CONVERSION = YES;
				CLANG_WARN_CONSTANT_CONVERSION = YES;
				CLANG_WARN_DIRECT_OBJC_ISA_USAGE = YES_ERROR;
				CLANG_WARN_DOCUMENTATION_COMMENTS = YES;
				CLANG_WARN_EMPTY_BODY = YES;
				CLANG_WARN_ENUM_CONVERSION = YES;
				CLANG_WARN_INFINITE_RECURSION = YES;
				CLANG_WARN_INT_CONVERSION = YES;
				CLANG_WARN_OBJC_ROOT_CLASS = YES_ERROR;
				CLANG_WARN_SUSPICIOUS_MOVE = YES;
				CLANG_WARN_UNREACHABLE_CODE = YES;
				CLANG_WARN__DUPLICATE_METHOD_MATCH = YES;
				"CODE_SIGN_IDENTITY[sdk=iphoneos*]" = "iPhone Developer";
				COPY_PHASE_STRIP = NO;
				DEBUG_INFORMATION_FORMAT = "dwarf-with-dsym";
				ENABLE_NS_ASSERTIONS = NO;
				ENABLE_STRICT_OBJC_MSGSEND = YES;
				GCC_C_LANGUAGE_STANDARD = gnu99;
				GCC_NO_COMMON_BLOCKS = YES;
				GCC_WARN_64_TO_32_BIT_CONVERSION = YES;
				GCC_WARN_ABOUT_RETURN_TYPE = YES_ERROR;
				GCC_WARN_UNDECLARED_SELECTOR = YES;
				GCC_WARN_UNINITIALIZED_AUTOS = YES_AGGRESSIVE;
				GCC_WARN_UNUSED_FUNCTION = YES;
				GCC_WARN_UNUSED_VARIABLE = YES;
				IPHONEOS_DEPLOYMENT_TARGET = 10.2;
				MTL_ENABLE_DEBUG_INFO = NO;
				SDKROOT = iphoneos;
				VALIDATE_PRODUCT = YES;
			};
			name = Release;
		};
		88443EE51E77E67100430F45 /* Debug */ = {
			isa = XCBuildConfiguration;
			buildSettings = {
				ASSETCATALOG_COMPILER_APPICON_NAME = AppIcon;
				DEVELOPMENT_TEAM = P8HFWU8B38;
				INFOPLIST_FILE = SGDeviceInfoHandler/Info.plist;
				LD_RUNPATH_SEARCH_PATHS = "$(inherited) @executable_path/Frameworks";
				PRODUCT_BUNDLE_IDENTIFIER = com.gvm.com.SGDeviceInfoHandler;
				PRODUCT_NAME = "$(TARGET_NAME)";
			};
			name = Debug;
		};
		88443EE61E77E67100430F45 /* Release */ = {
			isa = XCBuildConfiguration;
			buildSettings = {
				ASSETCATALOG_COMPILER_APPICON_NAME = AppIcon;
				DEVELOPMENT_TEAM = P8HFWU8B38;
				INFOPLIST_FILE = SGDeviceInfoHandler/Info.plist;
				LD_RUNPATH_SEARCH_PATHS = "$(inherited) @executable_path/Frameworks";
				PRODUCT_BUNDLE_IDENTIFIER = com.gvm.com.SGDeviceInfoHandler;
				PRODUCT_NAME = "$(TARGET_NAME)";
			};
			name = Release;
		};
/* End XCBuildConfiguration section */

/* Begin XCConfigurationList section */
		88443EC81E77E67100430F45 /* Build configuration list for PBXProject "SGDeviceInfoHandler" */ = {
			isa = XCConfigurationList;
			buildConfigurations = (
				88443EE21E77E67100430F45 /* Debug */,
				88443EE31E77E67100430F45 /* Release */,
			);
			defaultConfigurationIsVisible = 0;
			defaultConfigurationName = Release;
		};
		88443EE41E77E67100430F45 /* Build configuration list for PBXNativeTarget "SGDeviceInfoHandler" */ = {
			isa = XCConfigurationList;
			buildConfigurations = (
				88443EE51E77E67100430F45 /* Debug */,
				88443EE61E77E67100430F45 /* Release */,
			);
			defaultConfigurationIsVisible = 0;
		};
/* End XCConfigurationList section */
	};
	rootObject = 88443EC51E77E67100430F45 /* Project object */;
}
